
Microsoft Visual Studio Solution File, Format Version 12.00
# Visual Studio Version 17
VisualStudioVersion = 17.9.34723.18
MinimumVisualStudioVersion = 10.0.40219.1
Project("{FAE04EC0-301F-11D3-BF4B-00C04F79EFBC}") = "sb-sharp-u6", "sb-sharp-u6\sb-sharp-u6.csproj", "{9A764472-49F8-4932-8B17-7A49ECA677AA}"
EndProject
Global
	GlobalSection(SolutionConfigurationPlatforms) = preSolution
		Debug|Any CPU = Debug|Any CPU
		Release|Any CPU = Release|Any CPU
	EndGlobalSection
	GlobalSection(ProjectConfigurationPlatforms) = postSolution
		{9A764472-49F8-4932-8B17-7A49ECA677AA}.Debug|Any CPU.ActiveCfg = Debug|Any CPU
		{9A764472-49F8-4932-8B17-7A49ECA677AA}.Debug|Any CPU.Build.0 = Debug|Any CPU
		{9A764472-49F8-4932-8B17-7A49ECA677AA}.Release|Any CPU.ActiveCfg = Release|Any CPU
		{9A764472-49F8-4932-8B17-7A49ECA677AA}.Release|Any CPU.Build.0 = Release|Any CPU
	EndGlobalSection
	GlobalSection(SolutionProperties) = preSolution
		HideSolutionNode = FALSE
	EndGlobalSection
	GlobalSection(ExtensibilityGlobals) = postSolution
		SolutionGuid = {B44B3B9F-F536-4505-947D-11DD352BAB24}
	EndGlobalSection
EndGlobal
